<?xml version="1.0" encoding="utf-8"?>
<Project ToolsVersion="4.0" xmlns="http://schemas.microsoft.com/developer/msbuild/2003">
  <ItemGroup>
    <Filter Include="App">
      <UniqueIdentifier>{2ecbff26-8ddf-47f6-8a04-7170f3c70ddc}</UniqueIdentifier>
    </Filter>
    <Filter Include="App\Component Systems">
      <UniqueIdentifier>{25bad8a9-83cb-492b-adb1-dfdca989e867}</UniqueIdentifier>
    </Filter>
    <Filter Include="Engine">
      <UniqueIdentifier>{4FC737F1-C7A5-4376-A066-2A32D752A2FF}</UniqueIdentifier>
      <Extensions>cpp;c;cc;cxx;def;odl;idl;hpj;bat;asm;asmx</Extensions>
    </Filter>
  </ItemGroup>
  <ItemGroup>
    <ClCompile Include="Graphics.cpp">
      <Filter>Engine</Filter>
    </ClCompile>
    <ClCompile Include="SampleWindow.cpp">
      <Filter>Engine</Filter>
    </ClCompile>
    <ClCompile Include="VertexFormat.cpp">
      <Filter>Engine</Filter>
    </ClCompile>
    <ClCompile Include="RenderTargetState.cpp">
      <Filter>Engine</Filter>
    </ClCompile>
    <ClCompile Include="Material.cpp">
      <Filter>Engine</Filter>
    </ClCompile>
    <ClCompile Include="VertexBuffer.cpp">
      <Filter>Engine</Filter>
    </ClCompile>
    <ClCompile Include="IndexBuffer.cpp">
      <Filter>Engine</Filter>
    </ClCompile>
    <ClCompile Include="Buffer.cpp">
      <Filter>Engine</Filter>
    </ClCompile>
    <ClCompile Include="OBJLoader.cpp">
      <Filter>Engine</Filter>
    </ClCompile>
    <ClCompile Include="Model.cpp">
      <Filter>Engine</Filter>
    </ClCompile>
    <ClCompile Include="WriteLog.cpp">
      <Filter>Engine</Filter>
    </ClCompile>
    <ClCompile Include="Assert.cpp">
      <Filter>Engine</Filter>
    </ClCompile>
    <ClCompile Include="Random.cpp">
      <Filter>Engine</Filter>
    </ClCompile>
    <ClCompile Include="Timer.cpp">
      <Filter>Engine</Filter>
    </ClCompile>
    <ClCompile Include="Gamepad.cpp">
      <Filter>Engine</Filter>
    </ClCompile>
    <ClCompile Include="Keyboard.cpp">
      <Filter>Engine</Filter>
    </ClCompile>
    <ClCompile Include="Mouse.cpp">
      <Filter>Engine</Filter>
    </ClCompile>
    <ClCompile Include="InputManager.cpp">
      <Filter>Engine</Filter>
    </ClCompile>
    <ClCompile Include="ResourceManager.cpp">
      <Filter>Engine</Filter>
    </ClCompile>
    <ClCompile Include="Physics.cpp">
      <Filter>Engine</Filter>
    </ClCompile>
    <ClCompile Include="RigidBody.cpp">
      <Filter>Engine</Filter>
    </ClCompile>
    <ClCompile Include="EntityManager.cpp">
      <Filter>Engine</Filter>
    </ClCompile>
    <ClCompile Include="KinematicCharacterControllerSystem.h">
      <Filter>App\Component Systems</Filter>
    </ClCompile>
    <ClCompile Include="main.cpp">
      <Filter>App</Filter>
    </ClCompile>
    <ClCompile Include="Application.cpp">
      <Filter>Engine</Filter>
    </ClCompile>
    <ClCompile Include="ColliderPtr.cpp">
      <Filter>Engine</Filter>
    </ClCompile>
  </ItemGroup>
  <ItemGroup>
    <ClInclude Include="BaseWindow.h">
      <Filter>Engine</Filter>
    </ClInclude>
    <ClInclude Include="SampleWindow.h">
      <Filter>Engine</Filter>
    </ClInclude>
    <ClInclude Include="Graphics.h">
      <Filter>Engine</Filter>
    </ClInclude>
    <ClInclude Include="WriteLog.h">
      <Filter>Engine</Filter>
    </ClInclude>
    <ClInclude Include="VertexFormat.h">
      <Filter>Engine</Filter>
    </ClInclude>
    <ClInclude Include="RenderTargetState.h">
      <Filter>Engine</Filter>
    </ClInclude>
    <ClInclude Include="Material.h">
      <Filter>Engine</Filter>
    </ClInclude>
    <ClInclude Include="VertexBuffer.h">
      <Filter>Engine</Filter>
    </ClInclude>
    <ClInclude Include="IndexBuffer.h">
      <Filter>Engine</Filter>
    </ClInclude>
    <ClInclude Include="Buffer.h">
      <Filter>Engine</Filter>
    </ClInclude>
    <ClInclude Include="OBJLoader.h">
      <Filter>Engine</Filter>
    </ClInclude>
    <ClInclude Include="Model.h">
      <Filter>Engine</Filter>
    </ClInclude>
    <ClInclude Include="Assert.h">
      <Filter>Engine</Filter>
    </ClInclude>
    <ClInclude Include="Random.h">
      <Filter>Engine</Filter>
    </ClInclude>
    <ClInclude Include="Timer.h">
      <Filter>Engine</Filter>
    </ClInclude>
    <ClInclude Include="Gamepad.h">
      <Filter>Engine</Filter>
    </ClInclude>
    <ClInclude Include="Keyboard.h">
      <Filter>Engine</Filter>
    </ClInclude>
    <ClInclude Include="Mouse.h">
      <Filter>Engine</Filter>
    </ClInclude>
    <ClInclude Include="Entity.h">
      <Filter>Engine</Filter>
    </ClInclude>
    <ClInclude Include="EntityManager.h">
      <Filter>Engine</Filter>
    </ClInclude>
    <ClInclude Include="Types.h">
      <Filter>Engine</Filter>
    </ClInclude>
    <ClInclude Include="CompactPool.h">
      <Filter>Engine</Filter>
    </ClInclude>
    <ClInclude Include="ComponentSystem.h">
      <Filter>Engine</Filter>
    </ClInclude>
    <ClInclude Include="InputManager.h">
      <Filter>Engine</Filter>
    </ClInclude>
    <ClInclude Include="VertexShader.h">
      <Filter>Engine</Filter>
    </ClInclude>
    <ClInclude Include="PixelShader.h">
      <Filter>Engine</Filter>
    </ClInclude>
    <ClInclude Include="ResourceManager.h">
      <Filter>Engine</Filter>
    </ClInclude>
    <ClInclude Include="ResourcePool.h">
      <Filter>Engine</Filter>
    </ClInclude>
    <ClInclude Include="StringUtility.h">
      <Filter>Engine</Filter>
    </ClInclude>
    <ClInclude Include="Texture.h">
      <Filter>Engine</Filter>
    </ClInclude>
    <ClInclude Include="StringId.h">
      <Filter>Engine</Filter>
    </ClInclude>
    <ClInclude Include="Resource.h">
      <Filter>Engine</Filter>
    </ClInclude>
    <ClInclude Include="Physics.h">
      <Filter>Engine</Filter>
    </ClInclude>
    <ClInclude Include="MathUtility.h">
      <Filter>Engine</Filter>
    </ClInclude>
    <ClInclude Include="EventFunctionHandler.h">
      <Filter>Engine</Filter>
    </ClInclude>
    <ClInclude Include="EventBus.h">
      <Filter>Engine</Filter>
    </ClInclude>
    <ClInclude Include="RigidBody.h">
      <Filter>Engine</Filter>
    </ClInclude>
    <ClInclude Include="CollisionInfo.h">
      <Filter>Engine</Filter>
    </ClInclude>
    <ClInclude Include="CameraSystem.h">
      <Filter>App\Component Systems</Filter>
    </ClInclude>
    <ClInclude Include="DynamicRigidBodySystem.h">
      <Filter>App\Component Systems</Filter>
    </ClInclude>
    <ClInclude Include="FlyCamSystem.h">
      <Filter>App\Component Systems</Filter>
    </ClInclude>
    <ClInclude Include="KinematicRigidBodySystem.h">
      <Filter>App\Component Systems</Filter>
    </ClInclude>
    <ClInclude Include="MeshSystem.h">
      <Filter>App\Component Systems</Filter>
    </ClInclude>
    <ClInclude Include="RBBulletSystem.h">
      <Filter>App\Component Systems</Filter>
    </ClInclude>
    <ClInclude Include="RBGunSystem.h">
      <Filter>App\Component Systems</Filter>
    </ClInclude>
    <ClInclude Include="RigidBodySystem.h">
      <Filter>App\Component Systems</Filter>
    </ClInclude>
    <ClInclude Include="RotatorSystem.h">
      <Filter>App\Component Systems</Filter>
    </ClInclude>
    <ClInclude Include="TransformSystem.h">
      <Filter>App\Component Systems</Filter>
    </ClInclude>
    <ClInclude Include="YDespawnSystem.h">
      <Filter>App\Component Systems</Filter>
    </ClInclude>
    <ClInclude Include="TestBed.h">
      <Filter>App</Filter>
    </ClInclude>
    <ClInclude Include="PrimitiveFactory.h">
      <Filter>App</Filter>
    </ClInclude>
    <ClInclude Include="DoorSystem.h">
      <Filter>App\Component Systems</Filter>
    </ClInclude>
    <ClInclude Include="DoorTriggerSystem.h">
      <Filter>App\Component Systems</Filter>
    </ClInclude>
    <ClInclude Include="AppEvents.h">
      <Filter>App</Filter>
    </ClInclude>
    <ClInclude Include="EngineEvents.h">
      <Filter>Engine</Filter>
    </ClInclude>
    <ClInclude Include="Event.h">
      <Filter>Engine</Filter>
    </ClInclude>
    <ClInclude Include="Application.h">
      <Filter>Engine</Filter>
    </ClInclude>
    <ClInclude Include="ColliderPtr.h">
      <Filter>Engine</Filter>
    </ClInclude>
    <ClInclude Include="ThirdPersonApp.h">
      <Filter>App</Filter>
    </ClInclude>
    <ClInclude Include="PivotCamSystem.h">
      <Filter>App\Component Systems</Filter>
    </ClInclude>
    <ClInclude Include="KinematicGravitySystem.h">
      <Filter>App\Component Systems</Filter>
    </ClInclude>
  </ItemGroup>
</Project>